
Microsoft Visual Studio Solution File, Format Version 12.00
# Visual Studio 15
VisualStudioVersion = 15.0.28307.106
MinimumVisualStudioVersion = 10.0.40219.1
Project("{FAE04EC0-301F-11D3-BF4B-00C04F79EFBC}") = "ErgasiaMVC", "ErgasiaMVC\ErgasiaMVC.csproj", "{95BAE912-B4B3-492B-9EDF-4528CE8E1C4A}"
EndProject
Global
	GlobalSection(SolutionConfigurationPlatforms) = preSolution
		Debug|Any CPU = Debug|Any CPU
		Release|Any CPU = Release|Any CPU
	EndGlobalSection
	GlobalSection(ProjectConfigurationPlatforms) = postSolution
		{95BAE912-B4B3-492B-9EDF-4528CE8E1C4A}.Debug|Any CPU.ActiveCfg = Debug|Any CPU
		{95BAE912-B4B3-492B-9EDF-4528CE8E1C4A}.Debug|Any CPU.Build.0 = Debug|Any CPU
		{95BAE912-B4B3-492B-9EDF-4528CE8E1C4A}.Release|Any CPU.ActiveCfg = Release|Any CPU
		{95BAE912-B4B3-492B-9EDF-4528CE8E1C4A}.Release|Any CPU.Build.0 = Release|Any CPU
	EndGlobalSection
	GlobalSection(SolutionProperties) = preSolution
		HideSolutionNode = FALSE
	EndGlobalSection
	GlobalSection(ExtensibilityGlobals) = postSolution
		SolutionGuid = {90C0C860-E36B-40BA-8302-2510E02970B0}
	EndGlobalSection
EndGlobal
